PODS:
  - AlertToast (1.3.7)
  - lottie-ios (3.3.0)
  - SDWebImage (5.11.1):
    - SDWebImage/Core (= 5.11.1)
  - SDWebImage/Core (5.11.1)
  - SDWebImageSwiftUI (2.0.2):
    - SDWebImage (~> 5.10)
  - SwiftUIPager (2.3.0)

DEPENDENCIES:
  - AlertToast
  - lottie-ios
  - SDWebImageSwiftUI
  - SwiftUIPager

SPEC REPOS:
  trunk:
    - AlertToast
    - lottie-ios
    - SDWebImage
    - SDWebImageSwiftUI
    - SwiftUIPager

SPEC CHECKSUMS:
  AlertToast: 8c9d5efb2df6ea728b32b62bce99d876ec3e5393
  lottie-ios: 6ac74dcc09904798f59b18cb3075c089d76be9ae
  SDWebImage: a7f831e1a65eb5e285e3fb046a23fcfbf08e696d
  SDWebImageSwiftUI: 8a3923c95108312b03a599ec1498754af55a6819
  SwiftUIPager: fa9b45ff5133f6aa2b4d82601d9e2662638f5459

PODFILE CHECKSUM: 36ffedf393196b8ffec2dc340ab2fd19dc526770

COCOAPODS: 1.11.2
